
Microsoft Visual Studio Solution File, Format Version 12.00
# Visual Studio Version 16
VisualStudioVersion = 16.0.30011.22
MinimumVisualStudioVersion = 10.0.40219.1
Project("{9A19103F-16F7-4668-BE54-9A1E7A4F7556}") = "DotNetCore.Demo.HelloWorld", "DotNetCore.Demo.HelloWorld\DotNetCore.Demo.HelloWorld.csproj", "{8F0A8FA0-8F4B-49C3-83A5-7996104FCC9E}"
EndProject
Project("{9A19103F-16F7-4668-BE54-9A1E7A4F7556}") = "DotNetCore.Demo.Startup", "DotNetCore.Demo.Startup\DotNetCore.Demo.Startup.csproj", "{2A45353A-9FE4-4081-B21C-E355B266AF35}"
EndProject
Project("{9A19103F-16F7-4668-BE54-9A1E7A4F7556}") = "DotNetCore.Demo.DI", "DotNetCore.Demo.DI\DotNetCore.Demo.DI.csproj", "{FBB5E8A7-5774-4B70-BB5E-77F0AAE476A9}"
EndProject
Project("{FAE04EC0-301F-11D3-BF4B-00C04F79EFBC}") = "DotNetCore.Demo.Configure", "DotNetCore.Demo.Configure\DotNetCore.Demo.Configure.csproj", "{696010B6-FFE5-4881-9F1F-D83F1EEFEA30}"
EndProject
Global
	GlobalSection(SolutionConfigurationPlatforms) = preSolution
		Debug|Any CPU = Debug|Any CPU
		Release|Any CPU = Release|Any CPU
	EndGlobalSection
	GlobalSection(ProjectConfigurationPlatforms) = postSolution
		{8F0A8FA0-8F4B-49C3-83A5-7996104FCC9E}.Debug|Any CPU.ActiveCfg = Debug|Any CPU
		{8F0A8FA0-8F4B-49C3-83A5-7996104FCC9E}.Debug|Any CPU.Build.0 = Debug|Any CPU
		{8F0A8FA0-8F4B-49C3-83A5-7996104FCC9E}.Release|Any CPU.ActiveCfg = Release|Any CPU
		{8F0A8FA0-8F4B-49C3-83A5-7996104FCC9E}.Release|Any CPU.Build.0 = Release|Any CPU
		{2A45353A-9FE4-4081-B21C-E355B266AF35}.Debug|Any CPU.ActiveCfg = Debug|Any CPU
		{2A45353A-9FE4-4081-B21C-E355B266AF35}.Debug|Any CPU.Build.0 = Debug|Any CPU
		{2A45353A-9FE4-4081-B21C-E355B266AF35}.Release|Any CPU.ActiveCfg = Release|Any CPU
		{2A45353A-9FE4-4081-B21C-E355B266AF35}.Release|Any CPU.Build.0 = Release|Any CPU
		{FBB5E8A7-5774-4B70-BB5E-77F0AAE476A9}.Debug|Any CPU.ActiveCfg = Debug|Any CPU
		{FBB5E8A7-5774-4B70-BB5E-77F0AAE476A9}.Debug|Any CPU.Build.0 = Debug|Any CPU
		{FBB5E8A7-5774-4B70-BB5E-77F0AAE476A9}.Release|Any CPU.ActiveCfg = Release|Any CPU
		{FBB5E8A7-5774-4B70-BB5E-77F0AAE476A9}.Release|Any CPU.Build.0 = Release|Any CPU
		{696010B6-FFE5-4881-9F1F-D83F1EEFEA30}.Debug|Any CPU.ActiveCfg = Debug|Any CPU
		{696010B6-FFE5-4881-9F1F-D83F1EEFEA30}.Debug|Any CPU.Build.0 = Debug|Any CPU
		{696010B6-FFE5-4881-9F1F-D83F1EEFEA30}.Release|Any CPU.ActiveCfg = Release|Any CPU
		{696010B6-FFE5-4881-9F1F-D83F1EEFEA30}.Release|Any CPU.Build.0 = Release|Any CPU
	EndGlobalSection
	GlobalSection(SolutionProperties) = preSolution
		HideSolutionNode = FALSE
	EndGlobalSection
	GlobalSection(ExtensibilityGlobals) = postSolution
		SolutionGuid = {D043EA82-26E7-4B6A-82D7-E71EF191556D}
	EndGlobalSection
EndGlobal
