
Microsoft Visual Studio Solution File, Format Version 12.00
# Visual Studio Version 16
VisualStudioVersion = 16.0.30011.22
MinimumVisualStudioVersion = 10.0.40219.1
Project("{9A19103F-16F7-4668-BE54-9A1E7A4F7556}") = "DotNetCore.Demo.HelloWorld", "DotNetCore.Demo.HelloWorld\DotNetCore.Demo.HelloWorld.csproj", "{8F0A8FA0-8F4B-49C3-83A5-7996104FCC9E}"
EndProject
Project("{9A19103F-16F7-4668-BE54-9A1E7A4F7556}") = "DotNetCore.Demo.Startup", "DotNetCore.Demo.Startup\DotNetCore.Demo.Startup.csproj", "{2A45353A-9FE4-4081-B21C-E355B266AF35}"
EndProject
Project("{9A19103F-16F7-4668-BE54-9A1E7A4F7556}") = "DotNetCore.Demo.DI", "DotNetCore.Demo.DI\DotNetCore.Demo.DI.csproj", "{FBB5E8A7-5774-4B70-BB5E-77F0AAE476A9}"
EndProject
Project("{9A19103F-16F7-4668-BE54-9A1E7A4F7556}") = "DotNetCore.Demo.Configure", "DotNetCore.Demo.Configure\DotNetCore.Demo.Configure.csproj", "{696010B6-FFE5-4881-9F1F-D83F1EEFEA30}"
EndProject
Project("{9A19103F-16F7-4668-BE54-9A1E7A4F7556}") = "DotNetCore.Demo.Logging", "DotNetCore.Demo.Logging\DotNetCore.Demo.Logging.csproj", "{9DBE7A43-7631-45B6-9EE9-3EBDC1F03286}"
EndProject
Project("{9A19103F-16F7-4668-BE54-9A1E7A4F7556}") = "DotNetCore.Demo.Middleware", "DotNetCore.Demo.Middleware\DotNetCore.Demo.Middleware.csproj", "{564F9C33-7A16-4117-AC40-E6B83C4DCF29}"
EndProject
Project("{9A19103F-16F7-4668-BE54-9A1E7A4F7556}") = "DotNetCore.Demo.Exception", "DotNetCore.Demo.Exception\DotNetCore.Demo.Exception.csproj", "{57FDB784-9665-4E7F-9A93-A3CE2CD563FC}"
EndProject
Project("{9A19103F-16F7-4668-BE54-9A1E7A4F7556}") = "DotNetCore.Demo.StaticFile", "DotNetCore.Demo.StaticFile\DotNetCore.Demo.StaticFile.csproj", "{7D781A23-4B37-45DF-A351-3569EE120C89}"
EndProject
Project("{9A19103F-16F7-4668-BE54-9A1E7A4F7556}") = "DotNetCore.Demo.FileProvider", "DotNetCore.Demo.FileProvider\DotNetCore.Demo.FileProvider.csproj", "{FF906822-38C8-459B-BB13-361365B28E8E}"
EndProject
Project("{9A19103F-16F7-4668-BE54-9A1E7A4F7556}") = "DotNetCore.Demo.Route", "DotNetCore.Demo.Route\DotNetCore.Demo.Route.csproj", "{573AD9D0-1321-4856-BF9C-456C3A0A002C}"
EndProject
Project("{9A19103F-16F7-4668-BE54-9A1E7A4F7556}") = "DotNetCore.Demo.Http", "DotNetCore.Demo.Http\DotNetCore.Demo.Http.csproj", "{D8E02FCE-89C0-4C96-94FE-9A632049E2AE}"
EndProject
Project("{9A19103F-16F7-4668-BE54-9A1E7A4F7556}") = "DotNetCore.Demo.Http.RemoteApi", "DotNetCore.Demo.Http.RemoteApi\DotNetCore.Demo.Http.RemoteApi.csproj", "{B1B7B548-2C04-44FB-9F83-A33EBFBAFD62}"
EndProject
Project("{9A19103F-16F7-4668-BE54-9A1E7A4F7556}") = "DotNetCore.Demo.GRPC.Server", "DotNetCore.Demo.GRPC.Server\DotNetCore.Demo.GRPC.Server.csproj", "{FB85C4BD-208C-42DD-96EA-43FDDFE1297E}"
EndProject
Project("{9A19103F-16F7-4668-BE54-9A1E7A4F7556}") = "DotNetCore.Demo.GRPC.Client", "DotNetCore.Demo.GRPC.Client\DotNetCore.Demo.GRPC.Client.csproj", "{4F716D56-61AC-44B4-9E3C-AAF13D820445}"
EndProject
Project("{9A19103F-16F7-4668-BE54-9A1E7A4F7556}") = "DotNetCore.Demo.Polly", "DotNetCore.Demo.Polly\DotNetCore.Demo.Polly.csproj", "{AC83F086-C097-4F58-814E-C057728C7B08}"
EndProject
Project("{9A19103F-16F7-4668-BE54-9A1E7A4F7556}") = "DotNetCore.Demo.Logging.Default", "DotNetCore.Demo.Logging.Default\DotNetCore.Demo.Logging.Default.csproj", "{6A9A2E97-3631-437B-80AB-E49B89C97212}"
EndProject
Project("{9A19103F-16F7-4668-BE54-9A1E7A4F7556}") = "DotNetCore.Demo.Logging.Serilog", "DotNetCore.Demo.Logging.Serilog\DotNetCore.Demo.Logging.Serilog.csproj", "{0E522DF7-7C63-4388-A263-DD6053A97209}"
EndProject
Project("{9A19103F-16F7-4668-BE54-9A1E7A4F7556}") = "DotNetCore.Demo.Logging.NLog", "DotNetCore.Demo.Logging.NLog\DotNetCore.Demo.Logging.NLog.csproj", "{0FD2847A-4C31-45ED-B029-2F75C5BDE3F5}"
EndProject
Project("{FAE04EC0-301F-11D3-BF4B-00C04F79EFBC}") = "DotNetCore.Demo.Cache", "DotNetCore.Demo.Cache\DotNetCore.Demo.Cache.csproj", "{66672303-351E-4C6C-9D8A-51B7DE9EA2D6}"
EndProject
Global
	GlobalSection(SolutionConfigurationPlatforms) = preSolution
		Debug|Any CPU = Debug|Any CPU
		Release|Any CPU = Release|Any CPU
	EndGlobalSection
	GlobalSection(ProjectConfigurationPlatforms) = postSolution
		{8F0A8FA0-8F4B-49C3-83A5-7996104FCC9E}.Debug|Any CPU.ActiveCfg = Debug|Any CPU
		{8F0A8FA0-8F4B-49C3-83A5-7996104FCC9E}.Debug|Any CPU.Build.0 = Debug|Any CPU
		{8F0A8FA0-8F4B-49C3-83A5-7996104FCC9E}.Release|Any CPU.ActiveCfg = Release|Any CPU
		{8F0A8FA0-8F4B-49C3-83A5-7996104FCC9E}.Release|Any CPU.Build.0 = Release|Any CPU
		{2A45353A-9FE4-4081-B21C-E355B266AF35}.Debug|Any CPU.ActiveCfg = Debug|Any CPU
		{2A45353A-9FE4-4081-B21C-E355B266AF35}.Debug|Any CPU.Build.0 = Debug|Any CPU
		{2A45353A-9FE4-4081-B21C-E355B266AF35}.Release|Any CPU.ActiveCfg = Release|Any CPU
		{2A45353A-9FE4-4081-B21C-E355B266AF35}.Release|Any CPU.Build.0 = Release|Any CPU
		{FBB5E8A7-5774-4B70-BB5E-77F0AAE476A9}.Debug|Any CPU.ActiveCfg = Debug|Any CPU
		{FBB5E8A7-5774-4B70-BB5E-77F0AAE476A9}.Debug|Any CPU.Build.0 = Debug|Any CPU
		{FBB5E8A7-5774-4B70-BB5E-77F0AAE476A9}.Release|Any CPU.ActiveCfg = Release|Any CPU
		{FBB5E8A7-5774-4B70-BB5E-77F0AAE476A9}.Release|Any CPU.Build.0 = Release|Any CPU
		{696010B6-FFE5-4881-9F1F-D83F1EEFEA30}.Debug|Any CPU.ActiveCfg = Debug|Any CPU
		{696010B6-FFE5-4881-9F1F-D83F1EEFEA30}.Debug|Any CPU.Build.0 = Debug|Any CPU
		{696010B6-FFE5-4881-9F1F-D83F1EEFEA30}.Release|Any CPU.ActiveCfg = Release|Any CPU
		{696010B6-FFE5-4881-9F1F-D83F1EEFEA30}.Release|Any CPU.Build.0 = Release|Any CPU
		{9DBE7A43-7631-45B6-9EE9-3EBDC1F03286}.Debug|Any CPU.ActiveCfg = Debug|Any CPU
		{9DBE7A43-7631-45B6-9EE9-3EBDC1F03286}.Debug|Any CPU.Build.0 = Debug|Any CPU
		{9DBE7A43-7631-45B6-9EE9-3EBDC1F03286}.Release|Any CPU.ActiveCfg = Release|Any CPU
		{9DBE7A43-7631-45B6-9EE9-3EBDC1F03286}.Release|Any CPU.Build.0 = Release|Any CPU
		{564F9C33-7A16-4117-AC40-E6B83C4DCF29}.Debug|Any CPU.ActiveCfg = Debug|Any CPU
		{564F9C33-7A16-4117-AC40-E6B83C4DCF29}.Debug|Any CPU.Build.0 = Debug|Any CPU
		{564F9C33-7A16-4117-AC40-E6B83C4DCF29}.Release|Any CPU.ActiveCfg = Release|Any CPU
		{564F9C33-7A16-4117-AC40-E6B83C4DCF29}.Release|Any CPU.Build.0 = Release|Any CPU
		{57FDB784-9665-4E7F-9A93-A3CE2CD563FC}.Debug|Any CPU.ActiveCfg = Debug|Any CPU
		{57FDB784-9665-4E7F-9A93-A3CE2CD563FC}.Debug|Any CPU.Build.0 = Debug|Any CPU
		{57FDB784-9665-4E7F-9A93-A3CE2CD563FC}.Release|Any CPU.ActiveCfg = Release|Any CPU
		{57FDB784-9665-4E7F-9A93-A3CE2CD563FC}.Release|Any CPU.Build.0 = Release|Any CPU
		{7D781A23-4B37-45DF-A351-3569EE120C89}.Debug|Any CPU.ActiveCfg = Debug|Any CPU
		{7D781A23-4B37-45DF-A351-3569EE120C89}.Debug|Any CPU.Build.0 = Debug|Any CPU
		{7D781A23-4B37-45DF-A351-3569EE120C89}.Release|Any CPU.ActiveCfg = Release|Any CPU
		{7D781A23-4B37-45DF-A351-3569EE120C89}.Release|Any CPU.Build.0 = Release|Any CPU
		{FF906822-38C8-459B-BB13-361365B28E8E}.Debug|Any CPU.ActiveCfg = Debug|Any CPU
		{FF906822-38C8-459B-BB13-361365B28E8E}.Debug|Any CPU.Build.0 = Debug|Any CPU
		{FF906822-38C8-459B-BB13-361365B28E8E}.Release|Any CPU.ActiveCfg = Release|Any CPU
		{FF906822-38C8-459B-BB13-361365B28E8E}.Release|Any CPU.Build.0 = Release|Any CPU
		{573AD9D0-1321-4856-BF9C-456C3A0A002C}.Debug|Any CPU.ActiveCfg = Debug|Any CPU
		{573AD9D0-1321-4856-BF9C-456C3A0A002C}.Debug|Any CPU.Build.0 = Debug|Any CPU
		{573AD9D0-1321-4856-BF9C-456C3A0A002C}.Release|Any CPU.ActiveCfg = Release|Any CPU
		{573AD9D0-1321-4856-BF9C-456C3A0A002C}.Release|Any CPU.Build.0 = Release|Any CPU
		{D8E02FCE-89C0-4C96-94FE-9A632049E2AE}.Debug|Any CPU.ActiveCfg = Debug|Any CPU
		{D8E02FCE-89C0-4C96-94FE-9A632049E2AE}.Debug|Any CPU.Build.0 = Debug|Any CPU
		{D8E02FCE-89C0-4C96-94FE-9A632049E2AE}.Release|Any CPU.ActiveCfg = Release|Any CPU
		{D8E02FCE-89C0-4C96-94FE-9A632049E2AE}.Release|Any CPU.Build.0 = Release|Any CPU
		{B1B7B548-2C04-44FB-9F83-A33EBFBAFD62}.Debug|Any CPU.ActiveCfg = Debug|Any CPU
		{B1B7B548-2C04-44FB-9F83-A33EBFBAFD62}.Debug|Any CPU.Build.0 = Debug|Any CPU
		{B1B7B548-2C04-44FB-9F83-A33EBFBAFD62}.Release|Any CPU.ActiveCfg = Release|Any CPU
		{B1B7B548-2C04-44FB-9F83-A33EBFBAFD62}.Release|Any CPU.Build.0 = Release|Any CPU
		{FB85C4BD-208C-42DD-96EA-43FDDFE1297E}.Debug|Any CPU.ActiveCfg = Debug|Any CPU
		{FB85C4BD-208C-42DD-96EA-43FDDFE1297E}.Debug|Any CPU.Build.0 = Debug|Any CPU
		{FB85C4BD-208C-42DD-96EA-43FDDFE1297E}.Release|Any CPU.ActiveCfg = Release|Any CPU
		{FB85C4BD-208C-42DD-96EA-43FDDFE1297E}.Release|Any CPU.Build.0 = Release|Any CPU
		{4F716D56-61AC-44B4-9E3C-AAF13D820445}.Debug|Any CPU.ActiveCfg = Debug|Any CPU
		{4F716D56-61AC-44B4-9E3C-AAF13D820445}.Debug|Any CPU.Build.0 = Debug|Any CPU
		{4F716D56-61AC-44B4-9E3C-AAF13D820445}.Release|Any CPU.ActiveCfg = Release|Any CPU
		{4F716D56-61AC-44B4-9E3C-AAF13D820445}.Release|Any CPU.Build.0 = Release|Any CPU
		{AC83F086-C097-4F58-814E-C057728C7B08}.Debug|Any CPU.ActiveCfg = Debug|Any CPU
		{AC83F086-C097-4F58-814E-C057728C7B08}.Debug|Any CPU.Build.0 = Debug|Any CPU
		{AC83F086-C097-4F58-814E-C057728C7B08}.Release|Any CPU.ActiveCfg = Release|Any CPU
		{AC83F086-C097-4F58-814E-C057728C7B08}.Release|Any CPU.Build.0 = Release|Any CPU
		{6A9A2E97-3631-437B-80AB-E49B89C97212}.Debug|Any CPU.ActiveCfg = Debug|Any CPU
		{6A9A2E97-3631-437B-80AB-E49B89C97212}.Debug|Any CPU.Build.0 = Debug|Any CPU
		{6A9A2E97-3631-437B-80AB-E49B89C97212}.Release|Any CPU.ActiveCfg = Release|Any CPU
		{6A9A2E97-3631-437B-80AB-E49B89C97212}.Release|Any CPU.Build.0 = Release|Any CPU
		{0E522DF7-7C63-4388-A263-DD6053A97209}.Debug|Any CPU.ActiveCfg = Debug|Any CPU
		{0E522DF7-7C63-4388-A263-DD6053A97209}.Debug|Any CPU.Build.0 = Debug|Any CPU
		{0E522DF7-7C63-4388-A263-DD6053A97209}.Release|Any CPU.ActiveCfg = Release|Any CPU
		{0E522DF7-7C63-4388-A263-DD6053A97209}.Release|Any CPU.Build.0 = Release|Any CPU
		{0FD2847A-4C31-45ED-B029-2F75C5BDE3F5}.Debug|Any CPU.ActiveCfg = Debug|Any CPU
		{0FD2847A-4C31-45ED-B029-2F75C5BDE3F5}.Debug|Any CPU.Build.0 = Debug|Any CPU
		{0FD2847A-4C31-45ED-B029-2F75C5BDE3F5}.Release|Any CPU.ActiveCfg = Release|Any CPU
		{0FD2847A-4C31-45ED-B029-2F75C5BDE3F5}.Release|Any CPU.Build.0 = Release|Any CPU
		{66672303-351E-4C6C-9D8A-51B7DE9EA2D6}.Debug|Any CPU.ActiveCfg = Debug|Any CPU
		{66672303-351E-4C6C-9D8A-51B7DE9EA2D6}.Debug|Any CPU.Build.0 = Debug|Any CPU
		{66672303-351E-4C6C-9D8A-51B7DE9EA2D6}.Release|Any CPU.ActiveCfg = Release|Any CPU
		{66672303-351E-4C6C-9D8A-51B7DE9EA2D6}.Release|Any CPU.Build.0 = Release|Any CPU
	EndGlobalSection
	GlobalSection(SolutionProperties) = preSolution
		HideSolutionNode = FALSE
	EndGlobalSection
	GlobalSection(ExtensibilityGlobals) = postSolution
		SolutionGuid = {D043EA82-26E7-4B6A-82D7-E71EF191556D}
	EndGlobalSection
EndGlobal
